
Microsoft Visual Studio Solution File, Format Version 12.00
# Visual Studio Version 16
VisualStudioVersion = 16.0.31402.337
MinimumVisualStudioVersion = 10.0.40219.1
Project("{FAE04EC0-301F-11D3-BF4B-00C04F79EFBC}") = "ХомеВорк", "ХомеВорк\ХомеВорк.csproj", "{3534353A-79B1-463B-BFC2-340FC502F1BE}"
EndProject
Global
	GlobalSection(SolutionConfigurationPlatforms) = preSolution
		Debug|Any CPU = Debug|Any CPU
		Release|Any CPU = Release|Any CPU
	EndGlobalSection
	GlobalSection(ProjectConfigurationPlatforms) = postSolution
		{3534353A-79B1-463B-BFC2-340FC502F1BE}.Debug|Any CPU.ActiveCfg = Debug|Any CPU
		{3534353A-79B1-463B-BFC2-340FC502F1BE}.Debug|Any CPU.Build.0 = Debug|Any CPU
		{3534353A-79B1-463B-BFC2-340FC502F1BE}.Release|Any CPU.ActiveCfg = Release|Any CPU
		{3534353A-79B1-463B-BFC2-340FC502F1BE}.Release|Any CPU.Build.0 = Release|Any CPU
	EndGlobalSection
	GlobalSection(SolutionProperties) = preSolution
		HideSolutionNode = FALSE
	EndGlobalSection
	GlobalSection(ExtensibilityGlobals) = postSolution
		SolutionGuid = {40D2CEB5-343F-4E6A-B955-24F7F2721F7C}
	EndGlobalSection
EndGlobal
